// !$*UTF8*$!
{
	archiveVersion = 1;
	classes = {
	};
	objectVersion = 46;
	objects = {

/* Begin PBXBuildFile section */
		683779791E0A8280001C9EB8 /* SRInfiniteCarouselView.m in Sources */ = {isa = PBXBuildFile; fileRef = 683779781E0A8280001C9EB8 /* SRInfiniteCarouselView.m */; };
		683779831E0AA047001C9EB8 /* coldplay01.png in Resources */ = {isa = PBXBuildFile; fileRef = 6837797F1E0AA047001C9EB8 /* coldplay01.png */; };
		683779841E0AA047001C9EB8 /* coldplay02.png in Resources */ = {isa = PBXBuildFile; fileRef = 683779801E0AA047001C9EB8 /* coldplay02.png */; };
		683779851E0AA047001C9EB8 /* coldplay03.png in Resources */ = {isa = PBXBuildFile; fileRef = 683779811E0AA047001C9EB8 /* coldplay03.png */; };
		683779861E0AA047001C9EB8 /* coldplay04.png in Resources */ = {isa = PBXBuildFile; fileRef = 683779821E0AA047001C9EB8 /* coldplay04.png */; };
		68E05AE21D7AC0BF00F214D5 /* main.m in Sources */ = {isa = PBXBuildFile; fileRef = 68E05AE11D7AC0BF00F214D5 /* main.m */; };
		68E05AE51D7AC0BF00F214D5 /* AppDelegate.m in Sources */ = {isa = PBXBuildFile; fileRef = 68E05AE41D7AC0BF00F214D5 /* AppDelegate.m */; };
		68E05AE81D7AC0C000F214D5 /* ViewController.m in Sources */ = {isa = PBXBuildFile; fileRef = 68E05AE71D7AC0BF00F214D5 /* ViewController.m */; };
		68E05AEB1D7AC0C000F214D5 /* Main.storyboard in Resources */ = {isa = PBXBuildFile; fileRef = 68E05AE91D7AC0C000F214D5 /* Main.storyboard */; };
		68E05AED1D7AC0C000F214D5 /* Assets.xcassets in Resources */ = {isa = PBXBuildFile; fileRef = 68E05AEC1D7AC0C000F214D5 /* Assets.xcassets */; };
		68E05AF01D7AC0C000F214D5 /* LaunchScreen.storyboard in Resources */ = {isa = PBXBuildFile; fileRef = 68E05AEE1D7AC0C000F214D5 /* LaunchScreen.storyboard */; };
		68E05AFB1D7AC0C000F214D5 /* SRInfiniteCarouselViewDemoTests.m in Sources */ = {isa = PBXBuildFile; fileRef = 68E05AFA1D7AC0C000F214D5 /* SRInfiniteCarouselViewDemoTests.m */; };
		68E05B061D7AC0C000F214D5 /* SRInfiniteCarouselViewDemoUITests.m in Sources */ = {isa = PBXBuildFile; fileRef = 68E05B051D7AC0C000F214D5 /* SRInfiniteCarouselViewDemoUITests.m */; };
/* End PBXBuildFile section */

/* Begin PBXContainerItemProxy section */
		68E05AF71D7AC0C000F214D5 /* PBXContainerItemProxy */ = {
			isa = PBXContainerItemProxy;
			containerPortal = 68E05AD51D7AC0BF00F214D5 /* Project object */;
			proxyType = 1;
			remoteGlobalIDString = 68E05ADC1D7AC0BF00F214D5;
			remoteInfo = SRInfiniteCarouselViewDemo;
		};
		68E05B021D7AC0C000F214D5 /* PBXContainerItemProxy */ = {
			isa = PBXContainerItemProxy;
			containerPortal = 68E05AD51D7AC0BF00F214D5 /* Project object */;
			proxyType = 1;
			remoteGlobalIDString = 68E05ADC1D7AC0BF00F214D5;
			remoteInfo = SRInfiniteCarouselViewDemo;
		};
/* End PBXContainerItemProxy section */

/* Begin PBXFileReference section */
		683779771E0A8280001C9EB8 /* SRInfiniteCarouselView.h */ = {isa = PBXFileReference; fileEncoding = 4; lastKnownFileType = sourcecode.c.h; path = SRInfiniteCarouselView.h; sourceTree = "<group>"; };
		683779781E0A8280001C9EB8 /* SRInfiniteCarouselView.m */ = {isa = PBXFileReference; fileEncoding = 4; lastKnownFileType = sourcecode.c.objc; path = SRInfiniteCarouselView.m; sourceTree = "<group>"; };
		6837797F1E0AA047001C9EB8 /* coldplay01.png */ = {isa = PBXFileReference; lastKnownFileType = image.png; path = coldplay01.png; sourceTree = "<group>"; };
		683779801E0AA047001C9EB8 /* coldplay02.png */ = {isa = PBXFileReference; lastKnownFileType = image.png; path = coldplay02.png; sourceTree = "<group>"; };
		683779811E0AA047001C9EB8 /* coldplay03.png */ = {isa = PBXFileReference; lastKnownFileType = image.png; path = coldplay03.png; sourceTree = "<group>"; };
		683779821E0AA047001C9EB8 /* coldplay04.png */ = {isa = PBXFileReference; lastKnownFileType = image.png; path = coldplay04.png; sourceTree = "<group>"; };
		68E05ADD1D7AC0BF00F214D5 /* SRInfiniteCarouselViewDemo.app */ = {isa = PBXFileReference; explicitFileType = wrapper.application; includeInIndex = 0; path = SRInfiniteCarouselViewDemo.app; sourceTree = BUILT_PRODUCTS_DIR; };
		68E05AE11D7AC0BF00F214D5 /* main.m */ = {isa = PBXFileReference; lastKnownFileType = sourcecode.c.objc; path = main.m; sourceTree = "<group>"; };
		68E05AE31D7AC0BF00F214D5 /* AppDelegate.h */ = {isa = PBXFileReference; lastKnownFileType = sourcecode.c.h; path = AppDelegate.h; sourceTree = "<group>"; };
		68E05AE41D7AC0BF00F214D5 /* AppDelegate.m */ = {isa = PBXFileReference; lastKnownFileType = sourcecode.c.objc; path = AppDelegate.m; sourceTree = "<group>"; };
		68E05AE61D7AC0BF00F214D5 /* ViewController.h */ = {isa = PBXFileReference; lastKnownFileType = sourcecode.c.h; path = ViewController.h; sourceTree = "<group>"; };
		68E05AE71D7AC0BF00F214D5 /* ViewController.m */ = {isa = PBXFileReference; lastKnownFileType = sourcecode.c.objc; path = ViewController.m; sourceTree = "<group>"; };
		68E05AEA1D7AC0C000F214D5 /* Base */ = {isa = PBXFileReference; lastKnownFileType = file.storyboard; name = Base; path = Base.lproj/Main.storyboard; sourceTree = "<group>"; };
		68E05AEC1D7AC0C000F214D5 /* Assets.xcassets */ = {isa = PBXFileReference; lastKnownFileType = folder.assetcatalog; path = Assets.xcassets; sourceTree = "<group>"; };
		68E05AEF1D7AC0C000F214D5 /* Base */ = {isa = PBXFileReference; lastKnownFileType = file.storyboard; name = Base; path = Base.lproj/LaunchScreen.storyboard; sourceTree = "<group>"; };
		68E05AF11D7AC0C000F214D5 /* Info.plist */ = {isa = PBXFileReference; lastKnownFileType = text.plist.xml; path = Info.plist; sourceTree = "<group>"; };
		68E05AF61D7AC0C000F214D5 /* SRInfiniteCarouselViewDemoTests.xctest */ = {isa = PBXFileReference; explicitFileType = wrapper.cfbundle; includeInIndex = 0; path = SRInfiniteCarouselViewDemoTests.xctest; sourceTree = BUILT_PRODUCTS_DIR; };
		68E05AFA1D7AC0C000F214D5 /* SRInfiniteCarouselViewDemoTests.m */ = {isa = PBXFileReference; lastKnownFileType = sourcecode.c.objc; path = SRInfiniteCarouselViewDemoTests.m; sourceTree = "<group>"; };
		68E05AFC1D7AC0C000F214D5 /* Info.plist */ = {isa = PBXFileReference; lastKnownFileType = text.plist.xml; path = Info.plist; sourceTree = "<group>"; };
		68E05B011D7AC0C000F214D5 /* SRInfiniteCarouselViewDemoUITests.xctest */ = {isa = PBXFileReference; explicitFileType = wrapper.cfbundle; includeInIndex = 0; path = SRInfiniteCarouselViewDemoUITests.xctest; sourceTree = BUILT_PRODUCTS_DIR; };
		68E05B051D7AC0C000F214D5 /* SRInfiniteCarouselViewDemoUITests.m */ = {isa = PBXFileReference; lastKnownFileType = sourcecode.c.objc; path = SRInfiniteCarouselViewDemoUITests.m; sourceTree = "<group>"; };
		68E05B071D7AC0C000F214D5 /* Info.plist */ = {isa = PBXFileReference; lastKnownFileType = text.plist.xml; path = Info.plist; sourceTree = "<group>"; };
/* End PBXFileReference section */

/* Begin PBXFrameworksBuildPhase section */
		68E05ADA1D7AC0BF00F214D5 /* Frameworks */ = {
			isa = PBXFrameworksBuildPhase;
			buildActionMask = 2147483647;
			files = (
			);
			runOnlyForDeploymentPostprocessing = 0;
		};
		68E05AF31D7AC0C000F214D5 /* Frameworks */ = {
			isa = PBXFrameworksBuildPhase;
			buildActionMask = 2147483647;
			files = (
			);
			runOnlyForDeploymentPostprocessing = 0;
		};
		68E05AFE1D7AC0C000F214D5 /* Frameworks */ = {
			isa = PBXFrameworksBuildPhase;
			buildActionMask = 2147483647;
			files = (
			);
			runOnlyForDeploymentPostprocessing = 0;
		};
/* End PBXFrameworksBuildPhase section */

/* Begin PBXGroup section */
		6837797E1E0AA047001C9EB8 /* LocalImages */ = {
			isa = PBXGroup;
			children = (
				6837797F1E0AA047001C9EB8 /* coldplay01.png */,
				683779801E0AA047001C9EB8 /* coldplay02.png */,
				683779811E0AA047001C9EB8 /* coldplay03.png */,
				683779821E0AA047001C9EB8 /* coldplay04.png */,
			);
			path = LocalImages;
			sourceTree = "<group>";
		};
		68E05AD41D7AC0BF00F214D5 = {
			isa = PBXGroup;
			children = (
				68E05B131D7AC1F200F214D5 /* SRInfiniteCarouselView */,
				68E05ADF1D7AC0BF00F214D5 /* SRInfiniteCarouselViewDemo */,
				68E05AF91D7AC0C000F214D5 /* SRInfiniteCarouselViewDemoTests */,
				68E05B041D7AC0C000F214D5 /* SRInfiniteCarouselViewDemoUITests */,
				68E05ADE1D7AC0BF00F214D5 /* Products */,
			);
			sourceTree = "<group>";
		};
		68E05ADE1D7AC0BF00F214D5 /* Products */ = {
			isa = PBXGroup;
			children = (
				68E05ADD1D7AC0BF00F214D5 /* SRInfiniteCarouselViewDemo.app */,
				68E05AF61D7AC0C000F214D5 /* SRInfiniteCarouselViewDemoTests.xctest */,
				68E05B011D7AC0C000F214D5 /* SRInfiniteCarouselViewDemoUITests.xctest */,
			);
			name = Products;
			sourceTree = "<group>";
		};
		68E05ADF1D7AC0BF00F214D5 /* SRInfiniteCarouselViewDemo */ = {
			isa = PBXGroup;
			children = (
				68E05AE61D7AC0BF00F214D5 /* ViewController.h */,
				68E05AE71D7AC0BF00F214D5 /* ViewController.m */,
				68E05AE01D7AC0BF00F214D5 /* Supporting Files */,
			);
			path = SRInfiniteCarouselViewDemo;
			sourceTree = "<group>";
		};
		68E05AE01D7AC0BF00F214D5 /* Supporting Files */ = {
			isa = PBXGroup;
			children = (
				6837797E1E0AA047001C9EB8 /* LocalImages */,
				68E05AE11D7AC0BF00F214D5 /* main.m */,
				68E05AE31D7AC0BF00F214D5 /* AppDelegate.h */,
				68E05AE41D7AC0BF00F214D5 /* AppDelegate.m */,
				68E05AE91D7AC0C000F214D5 /* Main.storyboard */,
				68E05AEC1D7AC0C000F214D5 /* Assets.xcassets */,
				68E05AEE1D7AC0C000F214D5 /* LaunchScreen.storyboard */,
				68E05AF11D7AC0C000F214D5 /* Info.plist */,
			);
			name = "Supporting Files";
			sourceTree = "<group>";
		};
		68E05AF91D7AC0C000F214D5 /* SRInfiniteCarouselViewDemoTests */ = {
			isa = PBXGroup;
			children = (
				68E05AFA1D7AC0C000F214D5 /* SRInfiniteCarouselViewDemoTests.m */,
				68E05AFC1D7AC0C000F214D5 /* Info.plist */,
			);
			path = SRInfiniteCarouselViewDemoTests;
			sourceTree = "<group>";
		};
		68E05B041D7AC0C000F214D5 /* SRInfiniteCarouselViewDemoUITests */ = {
			isa = PBXGroup;
			children = (
				68E05B051D7AC0C000F214D5 /* SRInfiniteCarouselViewDemoUITests.m */,
				68E05B071D7AC0C000F214D5 /* Info.plist */,
			);
			path = SRInfiniteCarouselViewDemoUITests;
			sourceTree = "<group>";
		};
		68E05B131D7AC1F200F214D5 /* SRInfiniteCarouselView */ = {
			isa = PBXGroup;
			children = (
				683779771E0A8280001C9EB8 /* SRInfiniteCarouselView.h */,
				683779781E0A8280001C9EB8 /* SRInfiniteCarouselView.m */,
			);
			path = SRInfiniteCarouselView;
			sourceTree = "<group>";
		};
/* End PBXGroup section */

/* Begin PBXNativeTarget section */
		68E05ADC1D7AC0BF00F214D5 /* SRInfiniteCarouselViewDemo */ = {
			isa = PBXNativeTarget;
			buildConfigurationList = 68E05B0A1D7AC0C000F214D5 /* Build configuration list for PBXNativeTarget "SRInfiniteCarouselViewDemo" */;
			buildPhases = (
				68E05AD91D7AC0BF00F214D5 /* Sources */,
				68E05ADA1D7AC0BF00F214D5 /* Frameworks */,
				68E05ADB1D7AC0BF00F214D5 /* Resources */,
			);
			buildRules = (
			);
			dependencies = (
			);
			name = SRInfiniteCarouselViewDemo;
			productName = SRInfiniteCarouselViewDemo;
			productReference = 68E05ADD1D7AC0BF00F214D5 /* SRInfiniteCarouselViewDemo.app */;
			productType = "com.apple.product-type.application";
		};
		68E05AF51D7AC0C000F214D5 /* SRInfiniteCarouselViewDemoTests */ = {
			isa = PBXNativeTarget;
			buildConfigurationList = 68E05B0D1D7AC0C000F214D5 /* Build configuration list for PBXNativeTarget "SRInfiniteCarouselViewDemoTests" */;
			buildPhases = (
				68E05AF21D7AC0C000F214D5 /* Sources */,
				68E05AF31D7AC0C000F214D5 /* Frameworks */,
				68E05AF41D7AC0C000F214D5 /* Resources */,
			);
			buildRules = (
			);
			dependencies = (
				68E05AF81D7AC0C000F214D5 /* PBXTargetDependency */,
			);
			name = SRInfiniteCarouselViewDemoTests;
			productName = SRInfiniteCarouselViewDemoTests;
			productReference = 68E05AF61D7AC0C000F214D5 /* SRInfiniteCarouselViewDemoTests.xctest */;
			productType = "com.apple.product-type.bundle.unit-test";
		};
		68E05B001D7AC0C000F214D5 /* SRInfiniteCarouselViewDemoUITests */ = {
			isa = PBXNativeTarget;
			buildConfigurationList = 68E05B101D7AC0C000F214D5 /* Build configuration list for PBXNativeTarget "SRInfiniteCarouselViewDemoUITests" */;
			buildPhases = (
				68E05AFD1D7AC0C000F214D5 /* Sources */,
				68E05AFE1D7AC0C000F214D5 /* Frameworks */,
				68E05AFF1D7AC0C000F214D5 /* Resources */,
			);
			buildRules = (
			);
			dependencies = (
				68E05B031D7AC0C000F214D5 /* PBXTargetDependency */,
			);
			name = SRInfiniteCarouselViewDemoUITests;
			productName = SRInfiniteCarouselViewDemoUITests;
			productReference = 68E05B011D7AC0C000F214D5 /* SRInfiniteCarouselViewDemoUITests.xctest */;
			productType = "com.apple.product-type.bundle.ui-testing";
		};
/* End PBXNativeTarget section */

/* Begin PBXProject section */
		68E05AD51D7AC0BF00F214D5 /* Project object */ = {
			isa = PBXProject;
			attributes = {
				LastUpgradeCheck = 0730;
				ORGANIZATIONNAME = SR;
				TargetAttributes = {
					68E05ADC1D7AC0BF00F214D5 = {
						CreatedOnToolsVersion = 7.3;
						DevelopmentTeam = Y4FK8UXDXW;
						ProvisioningStyle = Manual;
					};
					68E05AF51D7AC0C000F214D5 = {
						CreatedOnToolsVersion = 7.3;
						TestTargetID = 68E05ADC1D7AC0BF00F214D5;
					};
					68E05B001D7AC0C000F214D5 = {
						CreatedOnToolsVersion = 7.3;
						TestTargetID = 68E05ADC1D7AC0BF00F214D5;
					};
				};
			};
			buildConfigurationList = 68E05AD81D7AC0BF00F214D5 /* Build configuration list for PBXProject "SRInfiniteCarouselViewDemo" */;
			compatibilityVersion = "Xcode 3.2";
			developmentRegion = English;
			hasScannedForEncodings = 0;
			knownRegions = (
				en,
				Base,
			);
			mainGroup = 68E05AD41D7AC0BF00F214D5;
			productRefGroup = 68E05ADE1D7AC0BF00F214D5 /* Products */;
			projectDirPath = "";
			projectRoot = "";
			targets = (
				68E05ADC1D7AC0BF00F214D5 /* SRInfiniteCarouselViewDemo */,
				68E05AF51D7AC0C000F214D5 /* SRInfiniteCarouselViewDemoTests */,
				68E05B001D7AC0C000F214D5 /* SRInfiniteCarouselViewDemoUITests */,
			);
		};
/* End PBXProject section */

/* Begin PBXResourcesBuildPhase section */
		68E05ADB1D7AC0BF00F214D5 /* Resources */ = {
			isa = PBXResourcesBuildPhase;
			buildActionMask = 2147483647;
			files = (
				683779851E0AA047001C9EB8 /* coldplay03.png in Resources */,
				683779841E0AA047001C9EB8 /* coldplay02.png in Resources */,
				68E05AF01D7AC0C000F214D5 /* LaunchScreen.storyboard in Resources */,
				683779831E0AA047001C9EB8 /* coldplay01.png in Resources */,
				68E05AED1D7AC0C000F214D5 /* Assets.xcassets in Resources */,
				683779861E0AA047001C9EB8 /* coldplay04.png in Resources */,
				68E05AEB1D7AC0C000F214D5 /* Main.storyboard in Resources */,
			);
			runOnlyForDeploymentPostprocessing = 0;
		};
		68E05AF41D7AC0C000F214D5 /* Resources */ = {
			isa = PBXResourcesBuildPhase;
			buildActionMask = 2147483647;
			files = (
			);
			runOnlyForDeploymentPostprocessing = 0;
		};
		68E05AFF1D7AC0C000F214D5 /* Resources */ = {
			isa = PBXResourcesBuildPhase;
			buildActionMask = 2147483647;
			files = (
			);
			runOnlyForDeploymentPostprocessing = 0;
		};
/* End PBXResourcesBuildPhase section */

/* Begin PBXSourcesBuildPhase section */
		68E05AD91D7AC0BF00F214D5 /* Sources */ = {
			isa = PBXSourcesBuildPhase;
			buildActionMask = 2147483647;
			files = (
				683779791E0A8280001C9EB8 /* SRInfiniteCarouselView.m in Sources */,
				68E05AE81D7AC0C000F214D5 /* ViewController.m in Sources */,
				68E05AE51D7AC0BF00F214D5 /* AppDelegate.m in Sources */,
				68E05AE21D7AC0BF00F214D5 /* main.m in Sources */,
			);
			runOnlyForDeploymentPostprocessing = 0;
		};
		68E05AF21D7AC0C000F214D5 /* Sources */ = {
			isa = PBXSourcesBuildPhase;
			buildActionMask = 2147483647;
			files = (
				68E05AFB1D7AC0C000F214D5 /* SRInfiniteCarouselViewDemoTests.m in Sources */,
			);
			runOnlyForDeploymentPostprocessing = 0;
		};
		68E05AFD1D7AC0C000F214D5 /* Sources */ = {
			isa = PBXSourcesBuildPhase;
			buildActionMask = 2147483647;
			files = (
				68E05B061D7AC0C000F214D5 /* SRInfiniteCarouselViewDemoUITests.m in Sources */,
			);
			runOnlyForDeploymentPostprocessing = 0;
		};
/* End PBXSourcesBuildPhase section */

/* Begin PBXTargetDependency section */
		68E05AF81D7AC0C000F214D5 /* PBXTargetDependency */ = {
			isa = PBXTargetDependency;
			target = 68E05ADC1D7AC0BF00F214D5 /* SRInfiniteCarouselViewDemo */;
			targetProxy = 68E05AF71D7AC0C000F214D5 /* PBXContainerItemProxy */;
		};
		68E05B031D7AC0C000F214D5 /* PBXTargetDependency */ = {
			isa = PBXTargetDependency;
			target = 68E05ADC1D7AC0BF00F214D5 /* SRInfiniteCarouselViewDemo */;
			targetProxy = 68E05B021D7AC0C000F214D5 /* PBXContainerItemProxy */;
		};
/* End PBXTargetDependency section */

/* Begin PBXVariantGroup section */
		68E05AE91D7AC0C000F214D5 /* Main.storyboard */ = {
			isa = PBXVariantGroup;
			children = (
				68E05AEA1D7AC0C000F214D5 /* Base */,
			);
			name = Main.storyboard;
			sourceTree = "<group>";
		};
		68E05AEE1D7AC0C000F214D5 /* LaunchScreen.storyboard */ = {
			isa = PBXVariantGroup;
			children = (
				68E05AEF1D7AC0C000F214D5 /* Base */,
			);
			name = LaunchScreen.storyboard;
			sourceTree = "<group>";
		};
/* End PBXVariantGroup section */

/* Begin XCBuildConfiguration section */
		68E05B081D7AC0C000F214D5 /* Debug */ = {
			isa = XCBuildConfiguration;
			buildSettings = {
				ALWAYS_SEARCH_USER_PATHS = NO;
				CLANG_ANALYZER_NONNULL = YES;
				CLANG_CXX_LANGUAGE_STANDARD = "gnu++0x";
				CLANG_CXX_LIBRARY = "libc++";
				CLANG_ENABLE_MODULES = YES;
				CLANG_ENABLE_OBJC_ARC = YES;
				CLANG_WARN_BOOL_CONVERSION = YES;
				CLANG_WARN_CONSTANT_CONVERSION = YES;
				CLANG_WARN_DIRECT_OBJC_ISA_USAGE = YES_ERROR;
				CLANG_WARN_EMPTY_BODY = YES;
				CLANG_WARN_ENUM_CONVERSION = YES;
				CLANG_WARN_INT_CONVERSION = YES;
				CLANG_WARN_OBJC_ROOT_CLASS = YES_ERROR;
				CLANG_WARN_UNREACHABLE_CODE = YES;
				CLANG_WARN__DUPLICATE_METHOD_MATCH = YES;
				"CODE_SIGN_IDENTITY[sdk=iphoneos*]" = "iPhone Developer";
				COPY_PHASE_STRIP = NO;
				DEBUG_INFORMATION_FORMAT = dwarf;
				ENABLE_STRICT_OBJC_MSGSEND = YES;
				ENABLE_TESTABILITY = YES;
				GCC_C_LANGUAGE_STANDARD = gnu99;
				GCC_DYNAMIC_NO_PIC = NO;
				GCC_NO_COMMON_BLOCKS = YES;
				GCC_OPTIMIZATION_LEVEL = 0;
				GCC_PREPROCESSOR_DEFINITIONS = (
					"DEBUG=1",
					"$(inherited)",
				);
				GCC_WARN_64_TO_32_BIT_CONVERSION = YES;
				GCC_WARN_ABOUT_RETURN_TYPE = YES_ERROR;
				GCC_WARN_UNDECLARED_SELECTOR = YES;
				GCC_WARN_UNINITIALIZED_AUTOS = YES_AGGRESSIVE;
				GCC_WARN_UNUSED_FUNCTION = YES;
				GCC_WARN_UNUSED_VARIABLE = YES;
				IPHONEOS_DEPLOYMENT_TARGET = 9.3;
				MTL_ENABLE_DEBUG_INFO = YES;
				ONLY_ACTIVE_ARCH = YES;
				SDKROOT = iphoneos;
			};
			name = Debug;
		};
		68E05B091D7AC0C000F214D5 /* Release */ = {
			isa = XCBuildConfiguration;
			buildSettings = {
				ALWAYS_SEARCH_USER_PATHS = NO;
				CLANG_ANALYZER_NONNULL = YES;
				CLANG_CXX_LANGUAGE_STANDARD = "gnu++0x";
				CLANG_CXX_LIBRARY = "libc++";
				CLANG_ENABLE_MODULES = YES;
				CLANG_ENABLE_OBJC_ARC = YES;
				CLANG_WARN_BOOL_CONVERSION = YES;
				CLANG_WARN_CONSTANT_CONVERSION = YES;
				CLANG_WARN_DIRECT_OBJC_ISA_USAGE = YES_ERROR;
				CLANG_WARN_EMPTY_BODY = YES;
				CLANG_WARN_ENUM_CONVERSION = YES;
				CLANG_WARN_INT_CONVERSION = YES;
				CLANG_WARN_OBJC_ROOT_CLASS = YES_ERROR;
				CLANG_WARN_UNREACHABLE_CODE = YES;
				CLANG_WARN__DUPLICATE_METHOD_MATCH = YES;
				"CODE_SIGN_IDENTITY[sdk=iphoneos*]" = "iPhone Developer";
				COPY_PHASE_STRIP = NO;
				DEBUG_INFORMATION_FORMAT = "dwarf-with-dsym";
				ENABLE_NS_ASSERTIONS = NO;
				ENABLE_STRICT_OBJC_MSGSEND = YES;
				GCC_C_LANGUAGE_STANDARD = gnu99;
				GCC_NO_COMMON_BLOCKS = YES;
				GCC_WARN_64_TO_32_BIT_CONVERSION = YES;
				GCC_WARN_ABOUT_RETURN_TYPE = YES_ERROR;
				GCC_WARN_UNDECLARED_SELECTOR = YES;
				GCC_WARN_UNINITIALIZED_AUTOS = YES_AGGRESSIVE;
				GCC_WARN_UNUSED_FUNCTION = YES;
				GCC_WARN_UNUSED_VARIABLE = YES;
				IPHONEOS_DEPLOYMENT_TARGET = 9.3;
				MTL_ENABLE_DEBUG_INFO = NO;
				SDKROOT = iphoneos;
				VALIDATE_PRODUCT = YES;
			};
			name = Release;
		};
		68E05B0B1D7AC0C000F214D5 /* Debug */ = {
			isa = XCBuildConfiguration;
			buildSettings = {
				ASSETCATALOG_COMPILER_APPICON_NAME = AppIcon;
				DEVELOPMENT_TEAM = Y4FK8UXDXW;
				INFOPLIST_FILE = SRInfiniteCarouselViewDemo/Info.plist;
				LD_RUNPATH_SEARCH_PATHS = "$(inherited) @executable_path/Frameworks";
				PRODUCT_BUNDLE_IDENTIFIER = com.willing.SRInfiniteCarouselViewDemo;
				PRODUCT_NAME = "$(TARGET_NAME)";
				PROVISIONING_PROFILE = "eb3e9d11-ff42-45c6-a6ca-4d894764a608";
				PROVISIONING_PROFILE_SPECIFIER = PPForAll;
			};
			name = Debug;
		};
		68E05B0C1D7AC0C000F214D5 /* Release */ = {
			isa = XCBuildConfiguration;
			buildSettings = {
				ASSETCATALOG_COMPILER_APPICON_NAME = AppIcon;
				DEVELOPMENT_TEAM = Y4FK8UXDXW;
				INFOPLIST_FILE = SRInfiniteCarouselViewDemo/Info.plist;
				LD_RUNPATH_SEARCH_PATHS = "$(inherited) @executable_path/Frameworks";
				PRODUCT_BUNDLE_IDENTIFIER = com.willing.SRInfiniteCarouselViewDemo;
				PRODUCT_NAME = "$(TARGET_NAME)";
				PROVISIONING_PROFILE = "eb3e9d11-ff42-45c6-a6ca-4d894764a608";
				PROVISIONING_PROFILE_SPECIFIER = PPForAll;
			};
			name = Release;
		};
		68E05B0E1D7AC0C000F214D5 /* Debug */ = {
			isa = XCBuildConfiguration;
			buildSettings = {
				BUNDLE_LOADER = "$(TEST_HOST)";
				INFOPLIST_FILE = SRInfiniteCarouselViewDemoTests/Info.plist;
				LD_RUNPATH_SEARCH_PATHS = "$(inherited) @executable_path/Frameworks @loader_path/Frameworks";
				PRODUCT_BUNDLE_IDENTIFIER = com.willing.SRInfiniteCarouselViewDemoTests;
				PRODUCT_NAME = "$(TARGET_NAME)";
				TEST_HOST = "$(BUILT_PRODUCTS_DIR)/SRInfiniteCarouselViewDemo.app/SRInfiniteCarouselViewDemo";
			};
			name = Debug;
		};
		68E05B0F1D7AC0C000F214D5 /* Release */ = {
			isa = XCBuildConfiguration;
			buildSettings = {
				BUNDLE_LOADER = "$(TEST_HOST)";
				INFOPLIST_FILE = SRInfiniteCarouselViewDemoTests/Info.plist;
				LD_RUNPATH_SEARCH_PATHS = "$(inherited) @executable_path/Frameworks @loader_path/Frameworks";
				PRODUCT_BUNDLE_IDENTIFIER = com.willing.SRInfiniteCarouselViewDemoTests;
				PRODUCT_NAME = "$(TARGET_NAME)";
				TEST_HOST = "$(BUILT_PRODUCTS_DIR)/SRInfiniteCarouselViewDemo.app/SRInfiniteCarouselViewDemo";
			};
			name = Release;
		};
		68E05B111D7AC0C000F214D5 /* Debug */ = {
			isa = XCBuildConfiguration;
			buildSettings = {
				INFOPLIST_FILE = SRInfiniteCarouselViewDemoUITests/Info.plist;
				LD_RUNPATH_SEARCH_PATHS = "$(inherited) @executable_path/Frameworks @loader_path/Frameworks";
				PRODUCT_BUNDLE_IDENTIFIER = com.willing.SRInfiniteCarouselViewDemoUITests;
				PRODUCT_NAME = "$(TARGET_NAME)";
				TEST_TARGET_NAME = SRInfiniteCarouselViewDemo;
			};
			name = Debug;
		};
		68E05B121D7AC0C000F214D5 /* Release */ = {
			isa = XCBuildConfiguration;
			buildSettings = {
				INFOPLIST_FILE = SRInfiniteCarouselViewDemoUITests/Info.plist;
				LD_RUNPATH_SEARCH_PATHS = "$(inherited) @executable_path/Frameworks @loader_path/Frameworks";
				PRODUCT_BUNDLE_IDENTIFIER = com.willing.SRInfiniteCarouselViewDemoUITests;
				PRODUCT_NAME = "$(TARGET_NAME)";
				TEST_TARGET_NAME = SRInfiniteCarouselViewDemo;
			};
			name = Release;
		};
/* End XCBuildConfiguration section */

/* Begin XCConfigurationList section */
		68E05AD81D7AC0BF00F214D5 /* Build configuration list for PBXProject "SRInfiniteCarouselViewDemo" */ = {
			isa = XCConfigurationList;
			buildConfigurations = (
				68E05B081D7AC0C000F214D5 /* Debug */,
				68E05B091D7AC0C000F214D5 /* Release */,
			);
			defaultConfigurationIsVisible = 0;
			defaultConfigurationName = Release;
		};
		68E05B0A1D7AC0C000F214D5 /* Build configuration list for PBXNativeTarget "SRInfiniteCarouselViewDemo" */ = {
			isa = XCConfigurationList;
			buildConfigurations = (
				68E05B0B1D7AC0C000F214D5 /* Debug */,
				68E05B0C1D7AC0C000F214D5 /* Release */,
			);
			defaultConfigurationIsVisible = 0;
			defaultConfigurationName = Release;
		};
		68E05B0D1D7AC0C000F214D5 /* Build configuration list for PBXNativeTarget "SRInfiniteCarouselViewDemoTests" */ = {
			isa = XCConfigurationList;
			buildConfigurations = (
				68E05B0E1D7AC0C000F214D5 /* Debug */,
				68E05B0F1D7AC0C000F214D5 /* Release */,
			);
			defaultConfigurationIsVisible = 0;
			defaultConfigurationName = Release;
		};
		68E05B101D7AC0C000F214D5 /* Build configuration list for PBXNativeTarget "SRInfiniteCarouselViewDemoUITests" */ = {
			isa = XCConfigurationList;
			buildConfigurations = (
				68E05B111D7AC0C000F214D5 /* Debug */,
				68E05B121D7AC0C000F214D5 /* Release */,
			);
			defaultConfigurationIsVisible = 0;
			defaultConfigurationName = Release;
		};
/* End XCConfigurationList section */
	};
	rootObject = 68E05AD51D7AC0BF00F214D5 /* Project object */;
}
