// !$*UTF8*$!
{
	archiveVersion = 1;
	classes = {
	};
	objectVersion = 46;
	objects = {

/* Begin PBXBuildFile section */
		683779831E0AA047001C9EB8 /* coldplay01.png in Resources */ = {isa = PBXBuildFile; fileRef = 6837797F1E0AA047001C9EB8 /* coldplay01.png */; };
		683779841E0AA047001C9EB8 /* coldplay02.png in Resources */ = {isa = PBXBuildFile; fileRef = 683779801E0AA047001C9EB8 /* coldplay02.png */; };
		683779851E0AA047001C9EB8 /* coldplay03.png in Resources */ = {isa = PBXBuildFile; fileRef = 683779811E0AA047001C9EB8 /* coldplay03.png */; };
		683779861E0AA047001C9EB8 /* coldplay04.png in Resources */ = {isa = PBXBuildFile; fileRef = 683779821E0AA047001C9EB8 /* coldplay04.png */; };
		68A849BC1E306A1D0088C16E /* placeholder_image.jpg in Resources */ = {isa = PBXBuildFile; fileRef = 68A849BB1E306A1D0088C16E /* placeholder_image.jpg */; };
		68E05AE21D7AC0BF00F214D5 /* main.m in Sources */ = {isa = PBXBuildFile; fileRef = 68E05AE11D7AC0BF00F214D5 /* main.m */; };
		68E05AE51D7AC0BF00F214D5 /* AppDelegate.m in Sources */ = {isa = PBXBuildFile; fileRef = 68E05AE41D7AC0BF00F214D5 /* AppDelegate.m */; };
		68E05AE81D7AC0C000F214D5 /* ViewController.m in Sources */ = {isa = PBXBuildFile; fileRef = 68E05AE71D7AC0BF00F214D5 /* ViewController.m */; };
		68E05AEB1D7AC0C000F214D5 /* Main.storyboard in Resources */ = {isa = PBXBuildFile; fileRef = 68E05AE91D7AC0C000F214D5 /* Main.storyboard */; };
		68E05AED1D7AC0C000F214D5 /* Assets.xcassets in Resources */ = {isa = PBXBuildFile; fileRef = 68E05AEC1D7AC0C000F214D5 /* Assets.xcassets */; };
		68E1AD961E30AB630034363B /* MKAnnotationView+WebCache.m in Sources */ = {isa = PBXBuildFile; fileRef = 68E1AD701E30AB630034363B /* MKAnnotationView+WebCache.m */; };
		68E1AD971E30AB630034363B /* NSData+ImageContentType.m in Sources */ = {isa = PBXBuildFile; fileRef = 68E1AD721E30AB630034363B /* NSData+ImageContentType.m */; };
		68E1AD981E30AB630034363B /* SDImageCache.m in Sources */ = {isa = PBXBuildFile; fileRef = 68E1AD741E30AB630034363B /* SDImageCache.m */; };
		68E1AD991E30AB630034363B /* SDWebImageCompat.m in Sources */ = {isa = PBXBuildFile; fileRef = 68E1AD761E30AB630034363B /* SDWebImageCompat.m */; };
		68E1AD9A1E30AB630034363B /* SDWebImageDecoder.m in Sources */ = {isa = PBXBuildFile; fileRef = 68E1AD781E30AB630034363B /* SDWebImageDecoder.m */; };
		68E1AD9B1E30AB630034363B /* SDWebImageDownloader.m in Sources */ = {isa = PBXBuildFile; fileRef = 68E1AD7A1E30AB630034363B /* SDWebImageDownloader.m */; };
		68E1AD9C1E30AB630034363B /* SDWebImageDownloaderOperation.m in Sources */ = {isa = PBXBuildFile; fileRef = 68E1AD7C1E30AB630034363B /* SDWebImageDownloaderOperation.m */; };
		68E1AD9D1E30AB630034363B /* SDWebImageManager.m in Sources */ = {isa = PBXBuildFile; fileRef = 68E1AD7E1E30AB630034363B /* SDWebImageManager.m */; };
		68E1AD9E1E30AB630034363B /* SDWebImagePrefetcher.m in Sources */ = {isa = PBXBuildFile; fileRef = 68E1AD811E30AB630034363B /* SDWebImagePrefetcher.m */; };
		68E1AD9F1E30AB630034363B /* UIButton+WebCache.m in Sources */ = {isa = PBXBuildFile; fileRef = 68E1AD831E30AB630034363B /* UIButton+WebCache.m */; };
		68E1ADA01E30AB630034363B /* UIImage+GIF.m in Sources */ = {isa = PBXBuildFile; fileRef = 68E1AD851E30AB630034363B /* UIImage+GIF.m */; };
		68E1ADA11E30AB630034363B /* UIImage+MultiFormat.m in Sources */ = {isa = PBXBuildFile; fileRef = 68E1AD871E30AB630034363B /* UIImage+MultiFormat.m */; };
		68E1ADA21E30AB630034363B /* UIImage+WebP.m in Sources */ = {isa = PBXBuildFile; fileRef = 68E1AD891E30AB630034363B /* UIImage+WebP.m */; };
		68E1ADA31E30AB630034363B /* UIImageView+HighlightedWebCache.m in Sources */ = {isa = PBXBuildFile; fileRef = 68E1AD8B1E30AB630034363B /* UIImageView+HighlightedWebCache.m */; };
		68E1ADA41E30AB630034363B /* UIImageView+WebCache.m in Sources */ = {isa = PBXBuildFile; fileRef = 68E1AD8D1E30AB630034363B /* UIImageView+WebCache.m */; };
		68E1ADA51E30AB630034363B /* UIView+WebCacheOperation.m in Sources */ = {isa = PBXBuildFile; fileRef = 68E1AD8F1E30AB630034363B /* UIView+WebCacheOperation.m */; };
		68E1ADA61E30AB630034363B /* SRInfiniteCarouselViewDeprecated0.m in Sources */ = {isa = PBXBuildFile; fileRef = 68E1AD911E30AB630034363B /* SRInfiniteCarouselViewDeprecated0.m */; };
		68E1ADA71E30AB630034363B /* SRInfiniteCarouselViewDeprecated1.m in Sources */ = {isa = PBXBuildFile; fileRef = 68E1AD931E30AB630034363B /* SRInfiniteCarouselViewDeprecated1.m */; };
		68E1ADA81E30AB630034363B /* SRInfiniteCarouselViewDeprecated2.m in Sources */ = {isa = PBXBuildFile; fileRef = 68E1AD951E30AB630034363B /* SRInfiniteCarouselViewDeprecated2.m */; };
		68E1AE491E24B07F00404611 /* SRImageManager.m in Sources */ = {isa = PBXBuildFile; fileRef = 68E1AE481E24B07F00404611 /* SRImageManager.m */; };
		68E1AE881E24C53600404611 /* SRInfiniteCarouselView.m in Sources */ = {isa = PBXBuildFile; fileRef = 68E1AE871E24C53600404611 /* SRInfiniteCarouselView.m */; };
		6EBF581C1EB1164600B2B986 /* LaunchScreen.storyboard in Resources */ = {isa = PBXBuildFile; fileRef = 6EBF581B1EB1164600B2B986 /* LaunchScreen.storyboard */; };
/* End PBXBuildFile section */

/* Begin PBXFileReference section */
		6837797F1E0AA047001C9EB8 /* coldplay01.png */ = {isa = PBXFileReference; lastKnownFileType = image.png; path = coldplay01.png; sourceTree = "<group>"; };
		683779801E0AA047001C9EB8 /* coldplay02.png */ = {isa = PBXFileReference; lastKnownFileType = image.png; path = coldplay02.png; sourceTree = "<group>"; };
		683779811E0AA047001C9EB8 /* coldplay03.png */ = {isa = PBXFileReference; lastKnownFileType = image.png; path = coldplay03.png; sourceTree = "<group>"; };
		683779821E0AA047001C9EB8 /* coldplay04.png */ = {isa = PBXFileReference; lastKnownFileType = image.png; path = coldplay04.png; sourceTree = "<group>"; };
		68A849BB1E306A1D0088C16E /* placeholder_image.jpg */ = {isa = PBXFileReference; lastKnownFileType = image.jpeg; path = placeholder_image.jpg; sourceTree = "<group>"; };
		68E05ADD1D7AC0BF00F214D5 /* SRInfiniteCarouselViewDemo.app */ = {isa = PBXFileReference; explicitFileType = wrapper.application; includeInIndex = 0; path = SRInfiniteCarouselViewDemo.app; sourceTree = BUILT_PRODUCTS_DIR; };
		68E05AE11D7AC0BF00F214D5 /* main.m */ = {isa = PBXFileReference; lastKnownFileType = sourcecode.c.objc; path = main.m; sourceTree = "<group>"; };
		68E05AE31D7AC0BF00F214D5 /* AppDelegate.h */ = {isa = PBXFileReference; lastKnownFileType = sourcecode.c.h; path = AppDelegate.h; sourceTree = "<group>"; };
		68E05AE41D7AC0BF00F214D5 /* AppDelegate.m */ = {isa = PBXFileReference; lastKnownFileType = sourcecode.c.objc; path = AppDelegate.m; sourceTree = "<group>"; };
		68E05AE61D7AC0BF00F214D5 /* ViewController.h */ = {isa = PBXFileReference; lastKnownFileType = sourcecode.c.h; path = ViewController.h; sourceTree = "<group>"; };
		68E05AE71D7AC0BF00F214D5 /* ViewController.m */ = {isa = PBXFileReference; lastKnownFileType = sourcecode.c.objc; path = ViewController.m; sourceTree = "<group>"; };
		68E05AEA1D7AC0C000F214D5 /* Base */ = {isa = PBXFileReference; lastKnownFileType = file.storyboard; name = Base; path = Base.lproj/Main.storyboard; sourceTree = "<group>"; };
		68E05AEC1D7AC0C000F214D5 /* Assets.xcassets */ = {isa = PBXFileReference; lastKnownFileType = folder.assetcatalog; path = Assets.xcassets; sourceTree = "<group>"; };
		68E05AF11D7AC0C000F214D5 /* Info.plist */ = {isa = PBXFileReference; lastKnownFileType = text.plist.xml; path = Info.plist; sourceTree = "<group>"; };
		68E1AD6F1E30AB630034363B /* MKAnnotationView+WebCache.h */ = {isa = PBXFileReference; fileEncoding = 4; lastKnownFileType = sourcecode.c.h; path = "MKAnnotationView+WebCache.h"; sourceTree = "<group>"; };
		68E1AD701E30AB630034363B /* MKAnnotationView+WebCache.m */ = {isa = PBXFileReference; fileEncoding = 4; lastKnownFileType = sourcecode.c.objc; path = "MKAnnotationView+WebCache.m"; sourceTree = "<group>"; };
		68E1AD711E30AB630034363B /* NSData+ImageContentType.h */ = {isa = PBXFileReference; fileEncoding = 4; lastKnownFileType = sourcecode.c.h; path = "NSData+ImageContentType.h"; sourceTree = "<group>"; };
		68E1AD721E30AB630034363B /* NSData+ImageContentType.m */ = {isa = PBXFileReference; fileEncoding = 4; lastKnownFileType = sourcecode.c.objc; path = "NSData+ImageContentType.m"; sourceTree = "<group>"; };
		68E1AD731E30AB630034363B /* SDImageCache.h */ = {isa = PBXFileReference; fileEncoding = 4; lastKnownFileType = sourcecode.c.h; path = SDImageCache.h; sourceTree = "<group>"; };
		68E1AD741E30AB630034363B /* SDImageCache.m */ = {isa = PBXFileReference; fileEncoding = 4; lastKnownFileType = sourcecode.c.objc; path = SDImageCache.m; sourceTree = "<group>"; };
		68E1AD751E30AB630034363B /* SDWebImageCompat.h */ = {isa = PBXFileReference; fileEncoding = 4; lastKnownFileType = sourcecode.c.h; path = SDWebImageCompat.h; sourceTree = "<group>"; };
		68E1AD761E30AB630034363B /* SDWebImageCompat.m */ = {isa = PBXFileReference; fileEncoding = 4; lastKnownFileType = sourcecode.c.objc; path = SDWebImageCompat.m; sourceTree = "<group>"; };
		68E1AD771E30AB630034363B /* SDWebImageDecoder.h */ = {isa = PBXFileReference; fileEncoding = 4; lastKnownFileType = sourcecode.c.h; path = SDWebImageDecoder.h; sourceTree = "<group>"; };
		68E1AD781E30AB630034363B /* SDWebImageDecoder.m */ = {isa = PBXFileReference; fileEncoding = 4; lastKnownFileType = sourcecode.c.objc; path = SDWebImageDecoder.m; sourceTree = "<group>"; };
		68E1AD791E30AB630034363B /* SDWebImageDownloader.h */ = {isa = PBXFileReference; fileEncoding = 4; lastKnownFileType = sourcecode.c.h; path = SDWebImageDownloader.h; sourceTree = "<group>"; };
		68E1AD7A1E30AB630034363B /* SDWebImageDownloader.m */ = {isa = PBXFileReference; fileEncoding = 4; lastKnownFileType = sourcecode.c.objc; path = SDWebImageDownloader.m; sourceTree = "<group>"; };
		68E1AD7B1E30AB630034363B /* SDWebImageDownloaderOperation.h */ = {isa = PBXFileReference; fileEncoding = 4; lastKnownFileType = sourcecode.c.h; path = SDWebImageDownloaderOperation.h; sourceTree = "<group>"; };
		68E1AD7C1E30AB630034363B /* SDWebImageDownloaderOperation.m */ = {isa = PBXFileReference; fileEncoding = 4; lastKnownFileType = sourcecode.c.objc; path = SDWebImageDownloaderOperation.m; sourceTree = "<group>"; };
		68E1AD7D1E30AB630034363B /* SDWebImageManager.h */ = {isa = PBXFileReference; fileEncoding = 4; lastKnownFileType = sourcecode.c.h; path = SDWebImageManager.h; sourceTree = "<group>"; };
		68E1AD7E1E30AB630034363B /* SDWebImageManager.m */ = {isa = PBXFileReference; fileEncoding = 4; lastKnownFileType = sourcecode.c.objc; path = SDWebImageManager.m; sourceTree = "<group>"; };
		68E1AD7F1E30AB630034363B /* SDWebImageOperation.h */ = {isa = PBXFileReference; fileEncoding = 4; lastKnownFileType = sourcecode.c.h; path = SDWebImageOperation.h; sourceTree = "<group>"; };
		68E1AD801E30AB630034363B /* SDWebImagePrefetcher.h */ = {isa = PBXFileReference; fileEncoding = 4; lastKnownFileType = sourcecode.c.h; path = SDWebImagePrefetcher.h; sourceTree = "<group>"; };
		68E1AD811E30AB630034363B /* SDWebImagePrefetcher.m */ = {isa = PBXFileReference; fileEncoding = 4; lastKnownFileType = sourcecode.c.objc; path = SDWebImagePrefetcher.m; sourceTree = "<group>"; };
		68E1AD821E30AB630034363B /* UIButton+WebCache.h */ = {isa = PBXFileReference; fileEncoding = 4; lastKnownFileType = sourcecode.c.h; path = "UIButton+WebCache.h"; sourceTree = "<group>"; };
		68E1AD831E30AB630034363B /* UIButton+WebCache.m */ = {isa = PBXFileReference; fileEncoding = 4; lastKnownFileType = sourcecode.c.objc; path = "UIButton+WebCache.m"; sourceTree = "<group>"; };
		68E1AD841E30AB630034363B /* UIImage+GIF.h */ = {isa = PBXFileReference; fileEncoding = 4; lastKnownFileType = sourcecode.c.h; path = "UIImage+GIF.h"; sourceTree = "<group>"; };
		68E1AD851E30AB630034363B /* UIImage+GIF.m */ = {isa = PBXFileReference; fileEncoding = 4; lastKnownFileType = sourcecode.c.objc; path = "UIImage+GIF.m"; sourceTree = "<group>"; };
		68E1AD861E30AB630034363B /* UIImage+MultiFormat.h */ = {isa = PBXFileReference; fileEncoding = 4; lastKnownFileType = sourcecode.c.h; path = "UIImage+MultiFormat.h"; sourceTree = "<group>"; };
		68E1AD871E30AB630034363B /* UIImage+MultiFormat.m */ = {isa = PBXFileReference; fileEncoding = 4; lastKnownFileType = sourcecode.c.objc; path = "UIImage+MultiFormat.m"; sourceTree = "<group>"; };
		68E1AD881E30AB630034363B /* UIImage+WebP.h */ = {isa = PBXFileReference; fileEncoding = 4; lastKnownFileType = sourcecode.c.h; path = "UIImage+WebP.h"; sourceTree = "<group>"; };
		68E1AD891E30AB630034363B /* UIImage+WebP.m */ = {isa = PBXFileReference; fileEncoding = 4; lastKnownFileType = sourcecode.c.objc; path = "UIImage+WebP.m"; sourceTree = "<group>"; };
		68E1AD8A1E30AB630034363B /* UIImageView+HighlightedWebCache.h */ = {isa = PBXFileReference; fileEncoding = 4; lastKnownFileType = sourcecode.c.h; path = "UIImageView+HighlightedWebCache.h"; sourceTree = "<group>"; };
		68E1AD8B1E30AB630034363B /* UIImageView+HighlightedWebCache.m */ = {isa = PBXFileReference; fileEncoding = 4; lastKnownFileType = sourcecode.c.objc; path = "UIImageView+HighlightedWebCache.m"; sourceTree = "<group>"; };
		68E1AD8C1E30AB630034363B /* UIImageView+WebCache.h */ = {isa = PBXFileReference; fileEncoding = 4; lastKnownFileType = sourcecode.c.h; path = "UIImageView+WebCache.h"; sourceTree = "<group>"; };
		68E1AD8D1E30AB630034363B /* UIImageView+WebCache.m */ = {isa = PBXFileReference; fileEncoding = 4; lastKnownFileType = sourcecode.c.objc; path = "UIImageView+WebCache.m"; sourceTree = "<group>"; };
		68E1AD8E1E30AB630034363B /* UIView+WebCacheOperation.h */ = {isa = PBXFileReference; fileEncoding = 4; lastKnownFileType = sourcecode.c.h; path = "UIView+WebCacheOperation.h"; sourceTree = "<group>"; };
		68E1AD8F1E30AB630034363B /* UIView+WebCacheOperation.m */ = {isa = PBXFileReference; fileEncoding = 4; lastKnownFileType = sourcecode.c.objc; path = "UIView+WebCacheOperation.m"; sourceTree = "<group>"; };
		68E1AD901E30AB630034363B /* SRInfiniteCarouselViewDeprecated0.h */ = {isa = PBXFileReference; fileEncoding = 4; lastKnownFileType = sourcecode.c.h; path = SRInfiniteCarouselViewDeprecated0.h; sourceTree = "<group>"; };
		68E1AD911E30AB630034363B /* SRInfiniteCarouselViewDeprecated0.m */ = {isa = PBXFileReference; fileEncoding = 4; lastKnownFileType = sourcecode.c.objc; path = SRInfiniteCarouselViewDeprecated0.m; sourceTree = "<group>"; };
		68E1AD921E30AB630034363B /* SRInfiniteCarouselViewDeprecated1.h */ = {isa = PBXFileReference; fileEncoding = 4; lastKnownFileType = sourcecode.c.h; path = SRInfiniteCarouselViewDeprecated1.h; sourceTree = "<group>"; };
		68E1AD931E30AB630034363B /* SRInfiniteCarouselViewDeprecated1.m */ = {isa = PBXFileReference; fileEncoding = 4; lastKnownFileType = sourcecode.c.objc; path = SRInfiniteCarouselViewDeprecated1.m; sourceTree = "<group>"; };
		68E1AD941E30AB630034363B /* SRInfiniteCarouselViewDeprecated2.h */ = {isa = PBXFileReference; fileEncoding = 4; lastKnownFileType = sourcecode.c.h; path = SRInfiniteCarouselViewDeprecated2.h; sourceTree = "<group>"; };
		68E1AD951E30AB630034363B /* SRInfiniteCarouselViewDeprecated2.m */ = {isa = PBXFileReference; fileEncoding = 4; lastKnownFileType = sourcecode.c.objc; path = SRInfiniteCarouselViewDeprecated2.m; sourceTree = "<group>"; };
		68E1AE471E24B07F00404611 /* SRImageManager.h */ = {isa = PBXFileReference; fileEncoding = 4; lastKnownFileType = sourcecode.c.h; path = SRImageManager.h; sourceTree = "<group>"; };
		68E1AE481E24B07F00404611 /* SRImageManager.m */ = {isa = PBXFileReference; fileEncoding = 4; lastKnownFileType = sourcecode.c.objc; path = SRImageManager.m; sourceTree = "<group>"; };
		68E1AE861E24C53600404611 /* SRInfiniteCarouselView.h */ = {isa = PBXFileReference; fileEncoding = 4; lastKnownFileType = sourcecode.c.h; path = SRInfiniteCarouselView.h; sourceTree = "<group>"; };
		68E1AE871E24C53600404611 /* SRInfiniteCarouselView.m */ = {isa = PBXFileReference; fileEncoding = 4; lastKnownFileType = sourcecode.c.objc; path = SRInfiniteCarouselView.m; sourceTree = "<group>"; };
		6EBF581B1EB1164600B2B986 /* LaunchScreen.storyboard */ = {isa = PBXFileReference; fileEncoding = 4; lastKnownFileType = file.storyboard; path = LaunchScreen.storyboard; sourceTree = "<group>"; };
/* End PBXFileReference section */

/* Begin PBXFrameworksBuildPhase section */
		68E05ADA1D7AC0BF00F214D5 /* Frameworks */ = {
			isa = PBXFrameworksBuildPhase;
			buildActionMask = 2147483647;
			files = (
			);
			runOnlyForDeploymentPostprocessing = 0;
		};
/* End PBXFrameworksBuildPhase section */

/* Begin PBXGroup section */
		6837797E1E0AA047001C9EB8 /* LocalImages */ = {
			isa = PBXGroup;
			children = (
				6837797F1E0AA047001C9EB8 /* coldplay01.png */,
				683779801E0AA047001C9EB8 /* coldplay02.png */,
				683779811E0AA047001C9EB8 /* coldplay03.png */,
				683779821E0AA047001C9EB8 /* coldplay04.png */,
			);
			path = LocalImages;
			sourceTree = "<group>";
		};
		68E05AD41D7AC0BF00F214D5 = {
			isa = PBXGroup;
			children = (
				68E05B131D7AC1F200F214D5 /* SRInfiniteCarouselView */,
				68E05ADF1D7AC0BF00F214D5 /* SRInfiniteCarouselViewDemo */,
				68E05ADE1D7AC0BF00F214D5 /* Products */,
			);
			sourceTree = "<group>";
		};
		68E05ADE1D7AC0BF00F214D5 /* Products */ = {
			isa = PBXGroup;
			children = (
				68E05ADD1D7AC0BF00F214D5 /* SRInfiniteCarouselViewDemo.app */,
			);
			name = Products;
			sourceTree = "<group>";
		};
		68E05ADF1D7AC0BF00F214D5 /* SRInfiniteCarouselViewDemo */ = {
			isa = PBXGroup;
			children = (
				68E05AE61D7AC0BF00F214D5 /* ViewController.h */,
				68E05AE71D7AC0BF00F214D5 /* ViewController.m */,
				68E05AE91D7AC0C000F214D5 /* Main.storyboard */,
				68E05AE01D7AC0BF00F214D5 /* Supporting Files */,
			);
			path = SRInfiniteCarouselViewDemo;
			sourceTree = "<group>";
		};
		68E05AE01D7AC0BF00F214D5 /* Supporting Files */ = {
			isa = PBXGroup;
			children = (
				68E1AD6D1E30AB630034363B /* Deprecated */,
				6837797E1E0AA047001C9EB8 /* LocalImages */,
				68A849BB1E306A1D0088C16E /* placeholder_image.jpg */,
				68E05AE11D7AC0BF00F214D5 /* main.m */,
				68E05AE31D7AC0BF00F214D5 /* AppDelegate.h */,
				68E05AE41D7AC0BF00F214D5 /* AppDelegate.m */,
				6EBF581B1EB1164600B2B986 /* LaunchScreen.storyboard */,
				68E05AEC1D7AC0C000F214D5 /* Assets.xcassets */,
				68E05AF11D7AC0C000F214D5 /* Info.plist */,
			);
			name = "Supporting Files";
			sourceTree = "<group>";
		};
		68E05B131D7AC1F200F214D5 /* SRInfiniteCarouselView */ = {
			isa = PBXGroup;
			children = (
				68E1AE861E24C53600404611 /* SRInfiniteCarouselView.h */,
				68E1AE871E24C53600404611 /* SRInfiniteCarouselView.m */,
				68E1AE471E24B07F00404611 /* SRImageManager.h */,
				68E1AE481E24B07F00404611 /* SRImageManager.m */,
			);
			path = SRInfiniteCarouselView;
			sourceTree = "<group>";
		};
		68E1AD6D1E30AB630034363B /* Deprecated */ = {
			isa = PBXGroup;
			children = (
				68E1AD6E1E30AB630034363B /* SDWebImage */,
				68E1AD901E30AB630034363B /* SRInfiniteCarouselViewDeprecated0.h */,
				68E1AD911E30AB630034363B /* SRInfiniteCarouselViewDeprecated0.m */,
				68E1AD921E30AB630034363B /* SRInfiniteCarouselViewDeprecated1.h */,
				68E1AD931E30AB630034363B /* SRInfiniteCarouselViewDeprecated1.m */,
				68E1AD941E30AB630034363B /* SRInfiniteCarouselViewDeprecated2.h */,
				68E1AD951E30AB630034363B /* SRInfiniteCarouselViewDeprecated2.m */,
			);
			path = Deprecated;
			sourceTree = "<group>";
		};
		68E1AD6E1E30AB630034363B /* SDWebImage */ = {
			isa = PBXGroup;
			children = (
				68E1AD6F1E30AB630034363B /* MKAnnotationView+WebCache.h */,
				68E1AD701E30AB630034363B /* MKAnnotationView+WebCache.m */,
				68E1AD711E30AB630034363B /* NSData+ImageContentType.h */,
				68E1AD721E30AB630034363B /* NSData+ImageContentType.m */,
				68E1AD731E30AB630034363B /* SDImageCache.h */,
				68E1AD741E30AB630034363B /* SDImageCache.m */,
				68E1AD751E30AB630034363B /* SDWebImageCompat.h */,
				68E1AD761E30AB630034363B /* SDWebImageCompat.m */,
				68E1AD771E30AB630034363B /* SDWebImageDecoder.h */,
				68E1AD781E30AB630034363B /* SDWebImageDecoder.m */,
				68E1AD791E30AB630034363B /* SDWebImageDownloader.h */,
				68E1AD7A1E30AB630034363B /* SDWebImageDownloader.m */,
				68E1AD7B1E30AB630034363B /* SDWebImageDownloaderOperation.h */,
				68E1AD7C1E30AB630034363B /* SDWebImageDownloaderOperation.m */,
				68E1AD7D1E30AB630034363B /* SDWebImageManager.h */,
				68E1AD7E1E30AB630034363B /* SDWebImageManager.m */,
				68E1AD7F1E30AB630034363B /* SDWebImageOperation.h */,
				68E1AD801E30AB630034363B /* SDWebImagePrefetcher.h */,
				68E1AD811E30AB630034363B /* SDWebImagePrefetcher.m */,
				68E1AD821E30AB630034363B /* UIButton+WebCache.h */,
				68E1AD831E30AB630034363B /* UIButton+WebCache.m */,
				68E1AD841E30AB630034363B /* UIImage+GIF.h */,
				68E1AD851E30AB630034363B /* UIImage+GIF.m */,
				68E1AD861E30AB630034363B /* UIImage+MultiFormat.h */,
				68E1AD871E30AB630034363B /* UIImage+MultiFormat.m */,
				68E1AD881E30AB630034363B /* UIImage+WebP.h */,
				68E1AD891E30AB630034363B /* UIImage+WebP.m */,
				68E1AD8A1E30AB630034363B /* UIImageView+HighlightedWebCache.h */,
				68E1AD8B1E30AB630034363B /* UIImageView+HighlightedWebCache.m */,
				68E1AD8C1E30AB630034363B /* UIImageView+WebCache.h */,
				68E1AD8D1E30AB630034363B /* UIImageView+WebCache.m */,
				68E1AD8E1E30AB630034363B /* UIView+WebCacheOperation.h */,
				68E1AD8F1E30AB630034363B /* UIView+WebCacheOperation.m */,
			);
			path = SDWebImage;
			sourceTree = "<group>";
		};
/* End PBXGroup section */

/* Begin PBXNativeTarget section */
		68E05ADC1D7AC0BF00F214D5 /* SRInfiniteCarouselViewDemo */ = {
			isa = PBXNativeTarget;
			buildConfigurationList = 68E05B0A1D7AC0C000F214D5 /* Build configuration list for PBXNativeTarget "SRInfiniteCarouselViewDemo" */;
			buildPhases = (
				68E05AD91D7AC0BF00F214D5 /* Sources */,
				68E05ADA1D7AC0BF00F214D5 /* Frameworks */,
				68E05ADB1D7AC0BF00F214D5 /* Resources */,
			);
			buildRules = (
			);
			dependencies = (
			);
			name = SRInfiniteCarouselViewDemo;
			productName = SRInfiniteCarouselViewDemo;
			productReference = 68E05ADD1D7AC0BF00F214D5 /* SRInfiniteCarouselViewDemo.app */;
			productType = "com.apple.product-type.application";
		};
/* End PBXNativeTarget section */

/* Begin PBXProject section */
		68E05AD51D7AC0BF00F214D5 /* Project object */ = {
			isa = PBXProject;
			attributes = {
				LastUpgradeCheck = 0830;
				ORGANIZATIONNAME = SR;
				TargetAttributes = {
					68E05ADC1D7AC0BF00F214D5 = {
						CreatedOnToolsVersion = 7.3;
						DevelopmentTeam = Y4FK8UXDXW;
						ProvisioningStyle = Manual;
					};
				};
			};
			buildConfigurationList = 68E05AD81D7AC0BF00F214D5 /* Build configuration list for PBXProject "SRInfiniteCarouselViewDemo" */;
			compatibilityVersion = "Xcode 3.2";
			developmentRegion = English;
			hasScannedForEncodings = 0;
			knownRegions = (
				en,
				Base,
			);
			mainGroup = 68E05AD41D7AC0BF00F214D5;
			productRefGroup = 68E05ADE1D7AC0BF00F214D5 /* Products */;
			projectDirPath = "";
			projectRoot = "";
			targets = (
				68E05ADC1D7AC0BF00F214D5 /* SRInfiniteCarouselViewDemo */,
			);
		};
/* End PBXProject section */

/* Begin PBXResourcesBuildPhase section */
		68E05ADB1D7AC0BF00F214D5 /* Resources */ = {
			isa = PBXResourcesBuildPhase;
			buildActionMask = 2147483647;
			files = (
				683779851E0AA047001C9EB8 /* coldplay03.png in Resources */,
				6EBF581C1EB1164600B2B986 /* LaunchScreen.storyboard in Resources */,
				68A849BC1E306A1D0088C16E /* placeholder_image.jpg in Resources */,
				683779841E0AA047001C9EB8 /* coldplay02.png in Resources */,
				683779831E0AA047001C9EB8 /* coldplay01.png in Resources */,
				68E05AED1D7AC0C000F214D5 /* Assets.xcassets in Resources */,
				683779861E0AA047001C9EB8 /* coldplay04.png in Resources */,
				68E05AEB1D7AC0C000F214D5 /* Main.storyboard in Resources */,
			);
			runOnlyForDeploymentPostprocessing = 0;
		};
/* End PBXResourcesBuildPhase section */

/* Begin PBXSourcesBuildPhase section */
		68E05AD91D7AC0BF00F214D5 /* Sources */ = {
			isa = PBXSourcesBuildPhase;
			buildActionMask = 2147483647;
			files = (
				68E1AE491E24B07F00404611 /* SRImageManager.m in Sources */,
				68E1ADA31E30AB630034363B /* UIImageView+HighlightedWebCache.m in Sources */,
				68E1ADA41E30AB630034363B /* UIImageView+WebCache.m in Sources */,
				68E1ADA61E30AB630034363B /* SRInfiniteCarouselViewDeprecated0.m in Sources */,
				68E1ADA21E30AB630034363B /* UIImage+WebP.m in Sources */,
				68E1AD9E1E30AB630034363B /* SDWebImagePrefetcher.m in Sources */,
				68E05AE81D7AC0C000F214D5 /* ViewController.m in Sources */,
				68E1AD9A1E30AB630034363B /* SDWebImageDecoder.m in Sources */,
				68E1AD9B1E30AB630034363B /* SDWebImageDownloader.m in Sources */,
				68E1ADA71E30AB630034363B /* SRInfiniteCarouselViewDeprecated1.m in Sources */,
				68E1AE881E24C53600404611 /* SRInfiniteCarouselView.m in Sources */,
				68E1AD9D1E30AB630034363B /* SDWebImageManager.m in Sources */,
				68E1ADA51E30AB630034363B /* UIView+WebCacheOperation.m in Sources */,
				68E1AD9F1E30AB630034363B /* UIButton+WebCache.m in Sources */,
				68E1ADA11E30AB630034363B /* UIImage+MultiFormat.m in Sources */,
				68E05AE51D7AC0BF00F214D5 /* AppDelegate.m in Sources */,
				68E1AD9C1E30AB630034363B /* SDWebImageDownloaderOperation.m in Sources */,
				68E1ADA01E30AB630034363B /* UIImage+GIF.m in Sources */,
				68E1AD991E30AB630034363B /* SDWebImageCompat.m in Sources */,
				68E1AD971E30AB630034363B /* NSData+ImageContentType.m in Sources */,
				68E05AE21D7AC0BF00F214D5 /* main.m in Sources */,
				68E1ADA81E30AB630034363B /* SRInfiniteCarouselViewDeprecated2.m in Sources */,
				68E1AD961E30AB630034363B /* MKAnnotationView+WebCache.m in Sources */,
				68E1AD981E30AB630034363B /* SDImageCache.m in Sources */,
			);
			runOnlyForDeploymentPostprocessing = 0;
		};
/* End PBXSourcesBuildPhase section */

/* Begin PBXVariantGroup section */
		68E05AE91D7AC0C000F214D5 /* Main.storyboard */ = {
			isa = PBXVariantGroup;
			children = (
				68E05AEA1D7AC0C000F214D5 /* Base */,
			);
			name = Main.storyboard;
			sourceTree = "<group>";
		};
/* End PBXVariantGroup section */

/* Begin XCBuildConfiguration section */
		68E05B081D7AC0C000F214D5 /* Debug */ = {
			isa = XCBuildConfiguration;
			buildSettings = {
				ALWAYS_SEARCH_USER_PATHS = NO;
				CLANG_ANALYZER_NONNULL = YES;
				CLANG_CXX_LANGUAGE_STANDARD = "gnu++0x";
				CLANG_CXX_LIBRARY = "libc++";
				CLANG_ENABLE_MODULES = YES;
				CLANG_ENABLE_OBJC_ARC = YES;
				CLANG_WARN_BOOL_CONVERSION = YES;
				CLANG_WARN_CONSTANT_CONVERSION = YES;
				CLANG_WARN_DIRECT_OBJC_ISA_USAGE = YES_ERROR;
				CLANG_WARN_EMPTY_BODY = YES;
				CLANG_WARN_ENUM_CONVERSION = YES;
				CLANG_WARN_INFINITE_RECURSION = YES;
				CLANG_WARN_INT_CONVERSION = YES;
				CLANG_WARN_OBJC_ROOT_CLASS = YES_ERROR;
				CLANG_WARN_SUSPICIOUS_MOVE = YES;
				CLANG_WARN_UNREACHABLE_CODE = YES;
				CLANG_WARN__DUPLICATE_METHOD_MATCH = YES;
				"CODE_SIGN_IDENTITY[sdk=iphoneos*]" = "iPhone Developer";
				COPY_PHASE_STRIP = NO;
				DEBUG_INFORMATION_FORMAT = dwarf;
				ENABLE_STRICT_OBJC_MSGSEND = YES;
				ENABLE_TESTABILITY = YES;
				GCC_C_LANGUAGE_STANDARD = gnu99;
				GCC_DYNAMIC_NO_PIC = NO;
				GCC_NO_COMMON_BLOCKS = YES;
				GCC_OPTIMIZATION_LEVEL = 0;
				GCC_PREPROCESSOR_DEFINITIONS = (
					"DEBUG=1",
					"$(inherited)",
				);
				GCC_WARN_64_TO_32_BIT_CONVERSION = YES;
				GCC_WARN_ABOUT_RETURN_TYPE = YES_ERROR;
				GCC_WARN_UNDECLARED_SELECTOR = YES;
				GCC_WARN_UNINITIALIZED_AUTOS = YES_AGGRESSIVE;
				GCC_WARN_UNUSED_FUNCTION = YES;
				GCC_WARN_UNUSED_VARIABLE = YES;
				IPHONEOS_DEPLOYMENT_TARGET = 9.3;
				MTL_ENABLE_DEBUG_INFO = YES;
				ONLY_ACTIVE_ARCH = YES;
				SDKROOT = iphoneos;
			};
			name = Debug;
		};
		68E05B091D7AC0C000F214D5 /* Release */ = {
			isa = XCBuildConfiguration;
			buildSettings = {
				ALWAYS_SEARCH_USER_PATHS = NO;
				CLANG_ANALYZER_NONNULL = YES;
				CLANG_CXX_LANGUAGE_STANDARD = "gnu++0x";
				CLANG_CXX_LIBRARY = "libc++";
				CLANG_ENABLE_MODULES = YES;
				CLANG_ENABLE_OBJC_ARC = YES;
				CLANG_WARN_BOOL_CONVERSION = YES;
				CLANG_WARN_CONSTANT_CONVERSION = YES;
				CLANG_WARN_DIRECT_OBJC_ISA_USAGE = YES_ERROR;
				CLANG_WARN_EMPTY_BODY = YES;
				CLANG_WARN_ENUM_CONVERSION = YES;
				CLANG_WARN_INFINITE_RECURSION = YES;
				CLANG_WARN_INT_CONVERSION = YES;
				CLANG_WARN_OBJC_ROOT_CLASS = YES_ERROR;
				CLANG_WARN_SUSPICIOUS_MOVE = YES;
				CLANG_WARN_UNREACHABLE_CODE = YES;
				CLANG_WARN__DUPLICATE_METHOD_MATCH = YES;
				"CODE_SIGN_IDENTITY[sdk=iphoneos*]" = "iPhone Developer";
				COPY_PHASE_STRIP = NO;
				DEBUG_INFORMATION_FORMAT = "dwarf-with-dsym";
				ENABLE_NS_ASSERTIONS = NO;
				ENABLE_STRICT_OBJC_MSGSEND = YES;
				GCC_C_LANGUAGE_STANDARD = gnu99;
				GCC_NO_COMMON_BLOCKS = YES;
				GCC_WARN_64_TO_32_BIT_CONVERSION = YES;
				GCC_WARN_ABOUT_RETURN_TYPE = YES_ERROR;
				GCC_WARN_UNDECLARED_SELECTOR = YES;
				GCC_WARN_UNINITIALIZED_AUTOS = YES_AGGRESSIVE;
				GCC_WARN_UNUSED_FUNCTION = YES;
				GCC_WARN_UNUSED_VARIABLE = YES;
				IPHONEOS_DEPLOYMENT_TARGET = 9.3;
				MTL_ENABLE_DEBUG_INFO = NO;
				SDKROOT = iphoneos;
				VALIDATE_PRODUCT = YES;
			};
			name = Release;
		};
		68E05B0B1D7AC0C000F214D5 /* Debug */ = {
			isa = XCBuildConfiguration;
			buildSettings = {
				ASSETCATALOG_COMPILER_APPICON_NAME = AppIcon;
				DEVELOPMENT_TEAM = Y4FK8UXDXW;
				INFOPLIST_FILE = SRInfiniteCarouselViewDemo/Info.plist;
				IPHONEOS_DEPLOYMENT_TARGET = 8.0;
				LD_RUNPATH_SEARCH_PATHS = "$(inherited) @executable_path/Frameworks";
				PRODUCT_BUNDLE_IDENTIFIER = com.willing.SRInfiniteCarouselViewDemo;
				PRODUCT_NAME = "$(TARGET_NAME)";
				PROVISIONING_PROFILE = "eb3e9d11-ff42-45c6-a6ca-4d894764a608";
				PROVISIONING_PROFILE_SPECIFIER = PPForAll;
			};
			name = Debug;
		};
		68E05B0C1D7AC0C000F214D5 /* Release */ = {
			isa = XCBuildConfiguration;
			buildSettings = {
				ASSETCATALOG_COMPILER_APPICON_NAME = AppIcon;
				DEVELOPMENT_TEAM = Y4FK8UXDXW;
				INFOPLIST_FILE = SRInfiniteCarouselViewDemo/Info.plist;
				IPHONEOS_DEPLOYMENT_TARGET = 8.0;
				LD_RUNPATH_SEARCH_PATHS = "$(inherited) @executable_path/Frameworks";
				PRODUCT_BUNDLE_IDENTIFIER = com.willing.SRInfiniteCarouselViewDemo;
				PRODUCT_NAME = "$(TARGET_NAME)";
				PROVISIONING_PROFILE = "eb3e9d11-ff42-45c6-a6ca-4d894764a608";
				PROVISIONING_PROFILE_SPECIFIER = PPForAll;
			};
			name = Release;
		};
/* End XCBuildConfiguration section */

/* Begin XCConfigurationList section */
		68E05AD81D7AC0BF00F214D5 /* Build configuration list for PBXProject "SRInfiniteCarouselViewDemo" */ = {
			isa = XCConfigurationList;
			buildConfigurations = (
				68E05B081D7AC0C000F214D5 /* Debug */,
				68E05B091D7AC0C000F214D5 /* Release */,
			);
			defaultConfigurationIsVisible = 0;
			defaultConfigurationName = Release;
		};
		68E05B0A1D7AC0C000F214D5 /* Build configuration list for PBXNativeTarget "SRInfiniteCarouselViewDemo" */ = {
			isa = XCConfigurationList;
			buildConfigurations = (
				68E05B0B1D7AC0C000F214D5 /* Debug */,
				68E05B0C1D7AC0C000F214D5 /* Release */,
			);
			defaultConfigurationIsVisible = 0;
			defaultConfigurationName = Release;
		};
/* End XCConfigurationList section */
	};
	rootObject = 68E05AD51D7AC0BF00F214D5 /* Project object */;
}
